<?xml version="1.0" encoding="utf-8"?>
<Project ToolsVersion="4.0" xmlns="http://schemas.microsoft.com/developer/msbuild/2003">
  <ItemGroup>
    <ClCompile Include="Common.cpp" />
    <ClCompile Include="Ept.cpp" />
    <ClCompile Include="global.cpp" />
    <ClCompile Include="Main.cpp" />
    <ClCompile Include="PageAccessManager.cpp" />
    <ClCompile Include="Vmcs.cpp" />
    <ClCompile Include="VmExitHandler.cpp" />
    <ClCompile Include="VmxManager.cpp" />
  </ItemGroup>
  <ItemGroup>
    <ClInclude Include="asm.h" />
    <ClInclude Include="Common.h" />
    <ClInclude Include="Ept.h" />
    <ClInclude Include="global.h" />
    <ClInclude Include="PageAccessManager.h" />
    <ClInclude Include="Vmcs.h" />
    <ClInclude Include="VmExitHandler.h" />
    <ClInclude Include="IA32.h" />
    <ClInclude Include="Util.hpp" />
    <ClInclude Include="VmxManager.h" />
  </ItemGroup>
  <ItemGroup>
    <Inf Include="vmm.inf" />
  </ItemGroup>
  <ItemGroup>
    <MASM Include="asm64..asm" />
  </ItemGroup>
</Project>ilter>Driver Files</Filter>
    </Inf>
  </ItemGroup>
  <ItemGroup>
    <ClCompile Include="Main.cpp">
      <Filter>Source Files</Filter>
    </ClCompile>
    <ClCompile Include="VmxWarrperC.cpp">
      <Filter>Source Files</Filter>
    </ClCompile>
    <ClCompile Include="global.cpp">
      <Filter>Source Files</Filter>
    </ClCompile>
    <ClCompile Include="VmExitHandler.cpp">
      <Filter>Source Files</Filter>
    </ClCompile>
    <ClCompile Include="Vmcs.cpp">
      <Filter>Source Files</Filter>
    </ClCompile>
    <ClCompile Include="VmxManager.cpp">
      <Filter>Source Files</Filter>
    </ClCompile>
    <ClCompile Include="PageAccessManager.cpp">
      <Filter>Source Files</Filter>
    </ClCompile>
    <ClCompile Include="Ept.cpp">
      <Filter>Source Files</Filter>
    </ClCompile>
    <ClCompile Include="Common.cpp">
      <Filter>Source Files</Filter>
    </ClCompile>
  </ItemGroup>
  <ItemGroup>
    <ClInclude Include="Util.hpp">
      <Filter>Header Files</Filter>
    </ClInclude>
    <ClInclude Include="IA32.h">
      <Filter>Header Files</Filter>
    </ClInclude>
    <ClInclude Include="asm.h">
      <Filter>Header Files</Filter>
    </ClInclude>
    <ClInclude Include="VmxWarrperC.h">
      <Filter>Header Files</Filter>
    </ClInclude>
    <ClInclude Include="global.h">
      <Filter>Header Files</Filter>
    </ClInclude>
    <ClInclude Include="Common.h">
      <Filter>Header Files</Filter>
    </ClInclude>
    <ClInclude Include="Ept.h">
      <Filter>Header Files</Filter>
    </ClInclude>
    <ClInclude Include="VmExitHandler.h">
      <Filter>Header Files</Filter>
    </ClInclude>
    <ClInclude Include="Vmcs.h">
      <Filter>Header Files</Filter>
    </ClInclude>
    <ClInclude Include="VmxManager.h">
      <Filter>Header Files</Filter>
    </ClInclude>
    <ClInclude Include="PageAccessManager.h">
      <Filter>Header Files</Filter>
    </ClInclude>
  </ItemGroup>
  <ItemGroup>
    <MASM Include="asm64..asm">
      <Filter>Header Files</Filter>
    </MASM>
  </ItemGroup>
</Project>MASM Include="asm64..asm">
      <Filter>Header Files</Filter>
    </MASM>
  </ItemGroup>
</Project>