<?xml version="1.0" encoding="utf-8"?>
<Project ToolsVersion="4.0" xmlns="http://schemas.microsoft.com/developer/msbuild/2003">
  <ItemGroup>
    <ClCompile Include="VmxManager.cpp">
      <Filter>Source Files</Filter>
    </ClCompile>
    <ClCompile Include="VmExitHandler.cpp">
      <Filter>Source Files</Filter>
    </ClCompile>
    <ClCompile Include="Vmcs.cpp">
      <Filter>Source Files</Filter>
    </ClCompile>
    <ClCompile Include="PageAccessManager.cpp">
      <Filter>Source Files</Filter>
    </ClCompile>
    <ClCompile Include="global.cpp">
      <Filter>Source Files</Filter>
    </ClCompile>
    <ClCompile Include="Ept.cpp">
      <Filter>Source Files</Filter>
    </ClCompile>
    <ClCompile Include="Common.cpp">
      <Filter>Source Files</Filter>
    </ClCompile>
    <ClCompile Include="Driver.cpp">
      <Filter>Source Files</Filter>
    </ClCompile>
    <ClCompile Include="Log.cpp">
      <Filter>Source Files</Filter>
    </ClCompile>
    <ClCompile Include="VtxInstruction.cpp">
      <Filter>Source Files</Filter>
    </ClCompile>
    <ClCompile Include="Hooker.cpp">
      <Filter>Source Files</Filter>
    </ClCompile>
  </ItemGroup>
  <ItemGroup>
    <ClInclude Include="asm.h">
      <Filter>Header Files</Filter>
    </ClInclude>
    <ClInclude Include="Common.h">
      <Filter>Header Files</Filter>
    </ClInclude>
    <ClInclude Include="Ept.h">
      <Filter>Header Files</Filter>
    </ClInclude>
    <ClInclude Include="global.h">
      <Filter>Header Files</Filter>
    </ClInclude>
    <ClInclude Include="IA32.h">
      <Filter>Header Files</Filter>
    </ClInclude>
    <ClInclude Include="PageAccessManager.h">
      <Filter>Header Files</Filter>
    </ClInclude>
    <ClInclude Include="VmxManager.h">
      <Filter>Header Files</Filter>
    </ClInclude>
    <ClInclude Include="Vmcs.h">
      <Filter>Header Files</Filter>
    </ClInclude>
    <ClInclude Include="VmExitHandler.h">
      <Filter>Header Files</Filter>
    </ClInclude>
    <ClInclude Include="Util.hpp">
      <Filter>Header Files</Filter>
    </ClInclude>
    <ClInclude Include="Log.h">
      <Filter>Header Files</Filter>
    </ClInclude>
    <ClInclude Include="VtxInstruction.h">
      <Filter>Header Files</Filter>
    </ClInclude>
    <ClInclude Include="Hooker.h">
      <Filter>Header Files</Filter>
    </ClInclude>
  </ItemGroup>
  <ItemGroup>
    <Inf Include="vmm.inf" />
  </ItemGroup>
  <ItemGroup>
    <MASM Include="asm64..asm" />
    <MASM Include="lde.asm" />
  </ItemGroup>
  <ItemGroup>
    <Filter Include="Header Files">
      <UniqueIdentifier>{e2612e38-5dcb-4e6e-ac30-02618bbb68f4}</UniqueIdentifier>
    </Filter>
    <Filter Include="Source Files">
      <UniqueIdentifier>{32e18841-a011-41f2-b6a2-d0229727e599}</UniqueIdentifier>
    </Filter>
  </ItemGroup>
</Project>